
Microsoft Visual Studio Solution File, Format Version 12.00
# Visual Studio Version 17
VisualStudioVersion = 17.3.32929.385
MinimumVisualStudioVersion = 10.0.40219.1
Project("{9A19103F-16F7-4668-BE54-9A1E7A4F7556}") = "SeriesScoreOverlay", "SeriesScoreOverlay.csproj", "{C26F0F81-57CA-4103-A0F3-4B6407B9798F}"
EndProject
Global
	GlobalSection(SolutionConfigurationPlatforms) = preSolution
		Debug|Any CPU = Debug|Any CPU
		Release|Any CPU = Release|Any CPU
	EndGlobalSection
	GlobalSection(ProjectConfigurationPlatforms) = postSolution
		{C26F0F81-57CA-4103-A0F3-4B6407B9798F}.Debug|Any CPU.ActiveCfg = Debug|Any CPU
		{C26F0F81-57CA-4103-A0F3-4B6407B9798F}.Debug|Any CPU.Build.0 = Debug|Any CPU
		{C26F0F81-57CA-4103-A0F3-4B6407B9798F}.Release|Any CPU.ActiveCfg = Release|Any CPU
		{C26F0F81-57CA-4103-A0F3-4B6407B9798F}.Release|Any CPU.Build.0 = Release|Any CPU
	EndGlobalSection
	GlobalSection(SolutionProperties) = preSolution
		HideSolutionNode = FALSE
	EndGlobalSection
	GlobalSection(ExtensibilityGlobals) = postSolution
		SolutionGuid = {1549853B-18DF-495F-83E0-2E4B7F933BB8}
	EndGlobalSection
EndGlobal
